// !$*UTF8*$!
{
	archiveVersion = 1;
	classes = {
	};
	objectVersion = 46;
	objects = {

/* Begin PBXBuildFile section */
		9C15AD7E1EDFDF2F0092373A /* UIFont.swift in Sources */ = {isa = PBXBuildFile; fileRef = 9C15AD7D1EDFDF2F0092373A /* UIFont.swift */; };
		9C1B1E331EEA1C5C002D0F93 /* BackgroundView.swift in Sources */ = {isa = PBXBuildFile; fileRef = 9C1B1E231EEA1C5C002D0F93 /* BackgroundView.swift */; };
		9C1B1E351EEA1C5C002D0F93 /* CoverVerticalAnimation.swift in Sources */ = {isa = PBXBuildFile; fileRef = 9C1B1E251EEA1C5C002D0F93 /* CoverVerticalAnimation.swift */; };
		9C1B1E381EEA1C5C002D0F93 /* KeyboardTranslation.swift in Sources */ = {isa = PBXBuildFile; fileRef = 9C1B1E281EEA1C5C002D0F93 /* KeyboardTranslation.swift */; };
		9C1B1E391EEA1C5C002D0F93 /* ModalCenterPosition.swift in Sources */ = {isa = PBXBuildFile; fileRef = 9C1B1E291EEA1C5C002D0F93 /* ModalCenterPosition.swift */; };
		9C1B1E3A1EEA1C5C002D0F93 /* ModalSize.swift in Sources */ = {isa = PBXBuildFile; fileRef = 9C1B1E2A1EEA1C5C002D0F93 /* ModalSize.swift */; };
		9C1B1E3B1EEA1C5C002D0F93 /* PresentationType.swift in Sources */ = {isa = PBXBuildFile; fileRef = 9C1B1E2B1EEA1C5C002D0F93 /* PresentationType.swift */; };
		9C1B1E3C1EEA1C5C002D0F93 /* Presentr.swift in Sources */ = {isa = PBXBuildFile; fileRef = 9C1B1E2C1EEA1C5C002D0F93 /* Presentr.swift */; };
		9C1B1E3D1EEA1C5C002D0F93 /* Presentr+Equatable.swift in Sources */ = {isa = PBXBuildFile; fileRef = 9C1B1E2D1EEA1C5C002D0F93 /* Presentr+Equatable.swift */; };
		9C1B1E3E1EEA1C5C002D0F93 /* PresentrAnimation.swift in Sources */ = {isa = PBXBuildFile; fileRef = 9C1B1E2E1EEA1C5C002D0F93 /* PresentrAnimation.swift */; };
		9C1B1E3F1EEA1C5C002D0F93 /* PresentrController.swift in Sources */ = {isa = PBXBuildFile; fileRef = 9C1B1E2F1EEA1C5C002D0F93 /* PresentrController.swift */; };
		9C1B1E401EEA1C5C002D0F93 /* PresentrShadow.swift in Sources */ = {isa = PBXBuildFile; fileRef = 9C1B1E301EEA1C5C002D0F93 /* PresentrShadow.swift */; };
		9C1B1E411EEA1C5C002D0F93 /* TransitionType.swift in Sources */ = {isa = PBXBuildFile; fileRef = 9C1B1E311EEA1C5C002D0F93 /* TransitionType.swift */; };
		9C2945A11EC9238B00A04CE9 /* MessageInputBar.swift in Sources */ = {isa = PBXBuildFile; fileRef = 9C2945A01EC9238B00A04CE9 /* MessageInputBar.swift */; };
		9C395C251ED11EE300DCFB8F /* BaseReactor.swift in Sources */ = {isa = PBXBuildFile; fileRef = 9C395C241ED11EE300DCFB8F /* BaseReactor.swift */; };
		9C3E2D771EC60C6C00EE5276 /* Color.swift in Sources */ = {isa = PBXBuildFile; fileRef = 9C3E2D761EC60C6C00EE5276 /* Color.swift */; };
		9C3E2D791EC6182700EE5276 /* AlertService.swift in Sources */ = {isa = PBXBuildFile; fileRef = 9C3E2D781EC6182700EE5276 /* AlertService.swift */; };
		9C3E2D7C1EC61B8000EE5276 /* TaskEditViewReactor.swift in Sources */ = {isa = PBXBuildFile; fileRef = 9C3E2D7B1EC61B8000EE5276 /* TaskEditViewReactor.swift */; };
		9C3E2D801EC623F300EE5276 /* TaskEditViewController.swift in Sources */ = {isa = PBXBuildFile; fileRef = 9C3E2D7F1EC623F300EE5276 /* TaskEditViewController.swift */; };
		9C4835B51ED7926500AE67D7 /* SectionHeaderView.swift in Sources */ = {isa = PBXBuildFile; fileRef = 9C4835B41ED7926500AE67D7 /* SectionHeaderView.swift */; };
		9C72EED91EE04C090069ED6C /* DateExtension.swift in Sources */ = {isa = PBXBuildFile; fileRef = 9C72EED81EE04C090069ED6C /* DateExtension.swift */; };
		9C81C1311EEA003A0046883D /* ZeroTests.swift in Sources */ = {isa = PBXBuildFile; fileRef = 9C81C1301EEA003A0046883D /* ZeroTests.swift */; };
		9C81C1421EEA02750046883D /* MockUserDefaultsService.swift in Sources */ = {isa = PBXBuildFile; fileRef = 9C81C1411EEA02750046883D /* MockUserDefaultsService.swift */; };
		9C81C1441EEA02A30046883D /* MockServiceProvider.swift in Sources */ = {isa = PBXBuildFile; fileRef = 9C81C1431EEA02A30046883D /* MockServiceProvider.swift */; };
		9C81C1461EEA03910046883D /* MockAlertService.swift in Sources */ = {isa = PBXBuildFile; fileRef = 9C81C1451EEA03910046883D /* MockAlertService.swift */; };
		9C81C1481EEA03CB0046883D /* MockError.swift in Sources */ = {isa = PBXBuildFile; fileRef = 9C81C1471EEA03CB0046883D /* MockError.swift */; };
		9C81C14A1EEA04230046883D /* TaskEditViewReactorTests.swift in Sources */ = {isa = PBXBuildFile; fileRef = 9C81C1491EEA04230046883D /* TaskEditViewReactorTests.swift */; };
		9C81C14C1EEA05380046883D /* TaskListViewReactorTests.swift in Sources */ = {isa = PBXBuildFile; fileRef = 9C81C14B1EEA05380046883D /* TaskListViewReactorTests.swift */; };
		9CAC53CD1EE07F030091B690 /* UITableView+Rx.swift in Sources */ = {isa = PBXBuildFile; fileRef = 9CAC53CC1EE07F030091B690 /* UITableView+Rx.swift */; };
		9CDCC9A51EC399C100F6DD96 /* Animation.swift in Sources */ = {isa = PBXBuildFile; fileRef = 9CDCC9A41EC399C100F6DD96 /* Animation.swift */; };
		9CDF098E1EC21EAB00A2A25C /* TaskListViewReactor.swift in Sources */ = {isa = PBXBuildFile; fileRef = 9CDF098D1EC21EAB00A2A25C /* TaskListViewReactor.swift */; };
		9CDF09901EC2283C00A2A25C /* TaskListViewController.swift in Sources */ = {isa = PBXBuildFile; fileRef = 9CDF098F1EC2283C00A2A25C /* TaskListViewController.swift */; };
		9CEA338F1EC0BBDA00816DAA /* AppDelegate.swift in Sources */ = {isa = PBXBuildFile; fileRef = 9CEA338E1EC0BBDA00816DAA /* AppDelegate.swift */; };
		9CEA33961EC0BBDA00816DAA /* Assets.xcassets in Resources */ = {isa = PBXBuildFile; fileRef = 9CEA33951EC0BBDA00816DAA /* Assets.xcassets */; };
		9CEA33991EC0BBDA00816DAA /* LaunchScreen.storyboard in Resources */ = {isa = PBXBuildFile; fileRef = 9CEA33971EC0BBDA00816DAA /* LaunchScreen.storyboard */; };
		9CEA33A81EC0C07200816DAA /* UIViewController+Rx.swift in Sources */ = {isa = PBXBuildFile; fileRef = 9CEA33A71EC0C07200816DAA /* UIViewController+Rx.swift */; };
		9CEA33AB1EC0C0C100816DAA /* MutateOperator.swift in Sources */ = {isa = PBXBuildFile; fileRef = 9CEA33AA1EC0C0C100816DAA /* MutateOperator.swift */; };
		9CEA33AD1EC0C0ED00816DAA /* Snap.swift in Sources */ = {isa = PBXBuildFile; fileRef = 9CEA33AC1EC0C0ED00816DAA /* Snap.swift */; };
		9CEA33AF1EC0C10F00816DAA /* String+BoundingRect.swift in Sources */ = {isa = PBXBuildFile; fileRef = 9CEA33AE1EC0C10F00816DAA /* String+BoundingRect.swift */; };
		9CEA33B41EC0C1AA00816DAA /* BaseService.swift in Sources */ = {isa = PBXBuildFile; fileRef = 9CEA33B31EC0C1AA00816DAA /* BaseService.swift */; };
		9CEA33B61EC0C1C900816DAA /* ServiceProvider.swift in Sources */ = {isa = PBXBuildFile; fileRef = 9CEA33B51EC0C1C900816DAA /* ServiceProvider.swift */; };
		9CEA33B91EC0C29500816DAA /* Array+SectionModel.swift in Sources */ = {isa = PBXBuildFile; fileRef = 9CEA33B81EC0C29500816DAA /* Array+SectionModel.swift */; };
		9CEA33BC1EC0C48900816DAA /* ModelType.swift in Sources */ = {isa = PBXBuildFile; fileRef = 9CEA33BB1EC0C48900816DAA /* ModelType.swift */; };
		9CEA33BE1EC0C6C100816DAA /* Task.swift in Sources */ = {isa = PBXBuildFile; fileRef = 9CEA33BD1EC0C6C100816DAA /* Task.swift */; };
		9CEA33C01EC0C89500816DAA /* TaskService.swift in Sources */ = {isa = PBXBuildFile; fileRef = 9CEA33BF1EC0C89500816DAA /* TaskService.swift */; };
		9CEA33C21EC0CA5500816DAA /* UserDefaultsKey.swift in Sources */ = {isa = PBXBuildFile; fileRef = 9CEA33C11EC0CA5500816DAA /* UserDefaultsKey.swift */; };
		9CEA33C41EC0CAA900816DAA /* UserDefaultsService.swift in Sources */ = {isa = PBXBuildFile; fileRef = 9CEA33C31EC0CAA900816DAA /* UserDefaultsService.swift */; };
		9CEA33C91EC0D70A00816DAA /* BaseViewController.swift in Sources */ = {isa = PBXBuildFile; fileRef = 9CEA33C81EC0D70A00816DAA /* BaseViewController.swift */; };
		9CEA33CD1EC0D79E00816DAA /* TaskCellReactor.swift in Sources */ = {isa = PBXBuildFile; fileRef = 9CEA33CC1EC0D79E00816DAA /* TaskCellReactor.swift */; };
		9CEA33CF1EC0D81800816DAA /* TaskCell.swift in Sources */ = {isa = PBXBuildFile; fileRef = 9CEA33CE1EC0D81800816DAA /* TaskCell.swift */; };
		9CF0F6F81ECBB63900E40437 /* BaseTableViewCell.swift in Sources */ = {isa = PBXBuildFile; fileRef = 9CF0F6F71ECBB63900E40437 /* BaseTableViewCell.swift */; };
		A3B31B4484EAF1F321C7314E /* Pods_Zero.framework in Frameworks */ = {isa = PBXBuildFile; fileRef = C0AB463062A49A9C184ED46C /* Pods_Zero.framework */; };
		BF4F15F0F957B018E14827A6 /* Pods_Zero_ZeroTests.framework in Frameworks */ = {isa = PBXBuildFile; fileRef = AB5EBC81C9FAD8DB7C26785B /* Pods_Zero_ZeroTests.framework */; };
/* End PBXBuildFile section */

/* Begin PBXContainerItemProxy section */
		9C81C1331EEA003A0046883D /* PBXContainerItemProxy */ = {
			isa = PBXContainerItemProxy;
			containerPortal = 9CEA33831EC0BBDA00816DAA /* Project object */;
			proxyType = 1;
			remoteGlobalIDString = 9CEA338A1EC0BBDA00816DAA;
			remoteInfo = Zero;
		};
/* End PBXContainerItemProxy section */

/* Begin PBXFileReference section */
		5B3B037FF5F6A769DBD39C32 /* Pods-Zero.release.xcconfig */ = {isa = PBXFileReference; includeInIndex = 1; lastKnownFileType = text.xcconfig; name = "Pods-Zero.release.xcconfig"; path = "Pods/Target Support Files/Pods-Zero/Pods-Zero.release.xcconfig"; sourceTree = "<group>"; };
		9C15AD7D1EDFDF2F0092373A /* UIFont.swift */ = {isa = PBXFileReference; fileEncoding = 4; lastKnownFileType = sourcecode.swift; name = UIFont.swift; path = Sources/Utils/UIFont.swift; sourceTree = "<group>"; };
		9C1B1E231EEA1C5C002D0F93 /* BackgroundView.swift */ = {isa = PBXFileReference; fileEncoding = 4; lastKnownFileType = sourcecode.swift; name = BackgroundView.swift; path = Sources/Presentation/BackgroundView.swift; sourceTree = "<group>"; };
		9C1B1E251EEA1C5C002D0F93 /* CoverVerticalAnimation.swift */ = {isa = PBXFileReference; fileEncoding = 4; lastKnownFileType = sourcecode.swift; name = CoverVerticalAnimation.swift; path = Sources/Presentation/CoverVerticalAnimation.swift; sourceTree = "<group>"; };
		9C1B1E281EEA1C5C002D0F93 /* KeyboardTranslation.swift */ = {isa = PBXFileReference; fileEncoding = 4; lastKnownFileType = sourcecode.swift; name = KeyboardTranslation.swift; path = Sources/Presentation/KeyboardTranslation.swift; sourceTree = "<group>"; };
		9C1B1E291EEA1C5C002D0F93 /* ModalCenterPosition.swift */ = {isa = PBXFileReference; fileEncoding = 4; lastKnownFileType = sourcecode.swift; name = ModalCenterPosition.swift; path = Sources/Presentation/ModalCenterPosition.swift; sourceTree = "<group>"; };
		9C1B1E2A1EEA1C5C002D0F93 /* ModalSize.swift */ = {isa = PBXFileReference; fileEncoding = 4; lastKnownFileType = sourcecode.swift; name = ModalSize.swift; path = Sources/Presentation/ModalSize.swift; sourceTree = "<group>"; };
		9C1B1E2B1EEA1C5C002D0F93 /* PresentationType.swift */ = {isa = PBXFileReference; fileEncoding = 4; lastKnownFileType = sourcecode.swift; name = PresentationType.swift; path = Sources/Presentation/PresentationType.swift; sourceTree = "<group>"; };
		9C1B1E2C1EEA1C5C002D0F93 /* Presentr.swift */ = {isa = PBXFileReference; fileEncoding = 4; lastKnownFileType = sourcecode.swift; name = Presentr.swift; path = Sources/Presentation/Presentr.swift; sourceTree = "<group>"; };
		9C1B1E2D1EEA1C5C002D0F93 /* Presentr+Equatable.swift */ = {isa = PBXFileReference; fileEncoding = 4; lastKnownFileType = sourcecode.swift; name = "Presentr+Equatable.swift"; path = "Sources/Presentation/Presentr+Equatable.swift"; sourceTree = "<group>"; };
		9C1B1E2E1EEA1C5C002D0F93 /* PresentrAnimation.swift */ = {isa = PBXFileReference; fileEncoding = 4; lastKnownFileType = sourcecode.swift; name = PresentrAnimation.swift; path = Sources/Presentation/PresentrAnimation.swift; sourceTree = "<group>"; };
		9C1B1E2F1EEA1C5C002D0F93 /* PresentrController.swift */ = {isa = PBXFileReference; fileEncoding = 4; lastKnownFileType = sourcecode.swift; name = PresentrController.swift; path = Sources/Presentation/PresentrController.swift; sourceTree = "<group>"; };
		9C1B1E301EEA1C5C002D0F93 /* PresentrShadow.swift */ = {isa = PBXFileReference; fileEncoding = 4; lastKnownFileType = sourcecode.swift; name = PresentrShadow.swift; path = Sources/Presentation/PresentrShadow.swift; sourceTree = "<group>"; };
		9C1B1E311EEA1C5C002D0F93 /* TransitionType.swift */ = {isa = PBXFileReference; fileEncoding = 4; lastKnownFileType = sourcecode.swift; name = TransitionType.swift; path = Sources/Presentation/TransitionType.swift; sourceTree = "<group>"; };
		9C2945A01EC9238B00A04CE9 /* MessageInputBar.swift */ = {isa = PBXFileReference; fileEncoding = 4; lastKnownFileType = sourcecode.swift; name = MessageInputBar.swift; path = "Sources/iOS Zero/Views/TaskList/MessageInputBar.swift"; sourceTree = "<group>"; };
		9C395C241ED11EE300DCFB8F /* BaseReactor.swift */ = {isa = PBXFileReference; fileEncoding = 4; lastKnownFileType = sourcecode.swift; name = BaseReactor.swift; path = "Sources/iOS Zero/Reactors/BaseReactor.swift"; sourceTree = "<group>"; };
		9C3E2D761EC60C6C00EE5276 /* Color.swift */ = {isa = PBXFileReference; fileEncoding = 4; lastKnownFileType = sourcecode.swift; name = Color.swift; path = Sources/Utils/Color.swift; sourceTree = "<group>"; };
		9C3E2D781EC6182700EE5276 /* AlertService.swift */ = {isa = PBXFileReference; fileEncoding = 4; lastKnownFileType = sourcecode.swift; name = AlertService.swift; path = Sources/Services/AlertService.swift; sourceTree = "<group>"; };
		9C3E2D7B1EC61B8000EE5276 /* TaskEditViewReactor.swift */ = {isa = PBXFileReference; fileEncoding = 4; lastKnownFileType = sourcecode.swift; name = TaskEditViewReactor.swift; path = "Sources/iOS Zero/Reactors/TaskEditViewReactor.swift"; sourceTree = "<group>"; };
		9C3E2D7F1EC623F300EE5276 /* TaskEditViewController.swift */ = {isa = PBXFileReference; fileEncoding = 4; lastKnownFileType = sourcecode.swift; name = TaskEditViewController.swift; path = "Sources/iOS Zero/Views/TaskList/TaskEditViewController.swift"; sourceTree = "<group>"; };
		9C4835B41ED7926500AE67D7 /* SectionHeaderView.swift */ = {isa = PBXFileReference; fileEncoding = 4; lastKnownFileType = sourcecode.swift; name = SectionHeaderView.swift; path = "Sources/iOS Zero/Views/TaskList/SectionHeaderView.swift"; sourceTree = "<group>"; };
		9C72EED81EE04C090069ED6C /* DateExtension.swift */ = {isa = PBXFileReference; fileEncoding = 4; lastKnownFileType = sourcecode.swift; name = DateExtension.swift; path = Sources/Utils/DateExtension.swift; sourceTree = "<group>"; };
		9C81C12E1EEA003A0046883D /* ZeroTests.xctest */ = {isa = PBXFileReference; explicitFileType = wrapper.cfbundle; includeInIndex = 0; path = ZeroTests.xctest; sourceTree = BUILT_PRODUCTS_DIR; };
		9C81C1301EEA003A0046883D /* ZeroTests.swift */ = {isa = PBXFileReference; lastKnownFileType = sourcecode.swift; path = ZeroTests.swift; sourceTree = "<group>"; };
		9C81C1321EEA003A0046883D /* Info.plist */ = {isa = PBXFileReference; lastKnownFileType = text.plist.xml; path = Info.plist; sourceTree = "<group>"; };
		9C81C1411EEA02750046883D /* MockUserDefaultsService.swift */ = {isa = PBXFileReference; fileEncoding = 4; lastKnownFileType = sourcecode.swift; name = MockUserDefaultsService.swift; path = Sources/Mock/Services/MockUserDefaultsService.swift; sourceTree = "<group>"; };
		9C81C1431EEA02A30046883D /* MockServiceProvider.swift */ = {isa = PBXFileReference; fileEncoding = 4; lastKnownFileType = sourcecode.swift; name = MockServiceProvider.swift; path = Sources/Mock/Services/MockServiceProvider.swift; sourceTree = "<group>"; };
		9C81C1451EEA03910046883D /* MockAlertService.swift */ = {isa = PBXFileReference; fileEncoding = 4; lastKnownFileType = sourcecode.swift; name = MockAlertService.swift; path = Sources/Mock/Services/MockAlertService.swift; sourceTree = "<group>"; };
		9C81C1471EEA03CB0046883D /* MockError.swift */ = {isa = PBXFileReference; fileEncoding = 4; lastKnownFileType = sourcecode.swift; name = MockError.swift; path = Sources/Mock/Services/MockError.swift; sourceTree = "<group>"; };
		9C81C1491EEA04230046883D /* TaskEditViewReactorTests.swift */ = {isa = PBXFileReference; fileEncoding = 4; lastKnownFileType = sourcecode.swift; name = TaskEditViewReactorTests.swift; path = Sources/Tests/TaskEditViewReactorTests.swift; sourceTree = "<group>"; };
		9C81C14B1EEA05380046883D /* TaskListViewReactorTests.swift */ = {isa = PBXFileReference; fileEncoding = 4; lastKnownFileType = sourcecode.swift; name = TaskListViewReactorTests.swift; path = Sources/Tests/TaskListViewReactorTests.swift; sourceTree = "<group>"; };
		9CAC53CC1EE07F030091B690 /* UITableView+Rx.swift */ = {isa = PBXFileReference; fileEncoding = 4; lastKnownFileType = sourcecode.swift; name = "UITableView+Rx.swift"; path = "Sources/Rx/UITableView+Rx.swift"; sourceTree = "<group>"; };
		9CDCC9A41EC399C100F6DD96 /* Animation.swift */ = {isa = PBXFileReference; fileEncoding = 4; lastKnownFileType = sourcecode.swift; name = Animation.swift; path = Sources/Utils/Animation.swift; sourceTree = "<group>"; };
		9CDF098D1EC21EAB00A2A25C /* TaskListViewReactor.swift */ = {isa = PBXFileReference; fileEncoding = 4; lastKnownFileType = sourcecode.swift; name = TaskListViewReactor.swift; path = "Sources/iOS Zero/Reactors/TaskListViewReactor.swift"; sourceTree = "<group>"; };
		9CDF098F1EC2283C00A2A25C /* TaskListViewController.swift */ = {isa = PBXFileReference; fileEncoding = 4; lastKnownFileType = sourcecode.swift; name = TaskListViewController.swift; path = "Sources/iOS Zero/Views/TaskList/TaskListViewController.swift"; sourceTree = "<group>"; };
		9CEA338B1EC0BBDA00816DAA /* Zero.app */ = {isa = PBXFileReference; explicitFileType = wrapper.application; includeInIndex = 0; path = Zero.app; sourceTree = BUILT_PRODUCTS_DIR; };
		9CEA338E1EC0BBDA00816DAA /* AppDelegate.swift */ = {isa = PBXFileReference; lastKnownFileType = sourcecode.swift; name = AppDelegate.swift; path = Sources/AppDelegate.swift; sourceTree = "<group>"; };
		9CEA33951EC0BBDA00816DAA /* Assets.xcassets */ = {isa = PBXFileReference; lastKnownFileType = folder.assetcatalog; name = Assets.xcassets; path = Resources/Assets.xcassets; sourceTree = "<group>"; };
		9CEA33981EC0BBDA00816DAA /* Base */ = {isa = PBXFileReference; lastKnownFileType = file.storyboard; name = Base; path = Base.lproj/LaunchScreen.storyboard; sourceTree = "<group>"; };
		9CEA339A1EC0BBDA00816DAA /* Info.plist */ = {isa = PBXFileReference; lastKnownFileType = text.plist.xml; name = Info.plist; path = "Support Files/Info.plist"; sourceTree = "<group>"; };
		9CEA33A71EC0C07200816DAA /* UIViewController+Rx.swift */ = {isa = PBXFileReference; fileEncoding = 4; lastKnownFileType = sourcecode.swift; name = "UIViewController+Rx.swift"; path = "Sources/Rx/UIViewController+Rx.swift"; sourceTree = "<group>"; };
		9CEA33AA1EC0C0C100816DAA /* MutateOperator.swift */ = {isa = PBXFileReference; fileEncoding = 4; lastKnownFileType = sourcecode.swift; name = MutateOperator.swift; path = Sources/Utils/MutateOperator.swift; sourceTree = "<group>"; };
		9CEA33AC1EC0C0ED00816DAA /* Snap.swift */ = {isa = PBXFileReference; fileEncoding = 4; lastKnownFileType = sourcecode.swift; name = Snap.swift; path = Sources/Utils/Snap.swift; sourceTree = "<group>"; };
		9CEA33AE1EC0C10F00816DAA /* String+BoundingRect.swift */ = {isa = PBXFileReference; fileEncoding = 4; lastKnownFileType = sourcecode.swift; name = "String+BoundingRect.swift"; path = "Sources/Utils/String+BoundingRect.swift"; sourceTree = "<group>"; };
		9CEA33B31EC0C1AA00816DAA /* BaseService.swift */ = {isa = PBXFileReference; fileEncoding = 4; lastKnownFileType = sourcecode.swift; name = BaseService.swift; path = Sources/Services/BaseService.swift; sourceTree = "<group>"; };
		9CEA33B51EC0C1C900816DAA /* ServiceProvider.swift */ = {isa = PBXFileReference; fileEncoding = 4; lastKnownFileType = sourcecode.swift; name = ServiceProvider.swift; path = Sources/Services/ServiceProvider.swift; sourceTree = "<group>"; };
		9CEA33B81EC0C29500816DAA /* Array+SectionModel.swift */ = {isa = PBXFileReference; fileEncoding = 4; lastKnownFileType = sourcecode.swift; name = "Array+SectionModel.swift"; path = "Sources/Utils/Array+SectionModel.swift"; sourceTree = "<group>"; };
		9CEA33BB1EC0C48900816DAA /* ModelType.swift */ = {isa = PBXFileReference; fileEncoding = 4; lastKnownFileType = sourcecode.swift; name = ModelType.swift; path = Sources/Models/ModelType.swift; sourceTree = "<group>"; };
		9CEA33BD1EC0C6C100816DAA /* Task.swift */ = {isa = PBXFileReference; fileEncoding = 4; lastKnownFileType = sourcecode.swift; name = Task.swift; path = Sources/Models/Task.swift; sourceTree = "<group>"; };
		9CEA33BF1EC0C89500816DAA /* TaskService.swift */ = {isa = PBXFileReference; fileEncoding = 4; lastKnownFileType = sourcecode.swift; name = TaskService.swift; path = Sources/Services/TaskService.swift; sourceTree = "<group>"; };
		9CEA33C11EC0CA5500816DAA /* UserDefaultsKey.swift */ = {isa = PBXFileReference; fileEncoding = 4; lastKnownFileType = sourcecode.swift; name = UserDefaultsKey.swift; path = Sources/Utils/UserDefaultsKey.swift; sourceTree = "<group>"; };
		9CEA33C31EC0CAA900816DAA /* UserDefaultsService.swift */ = {isa = PBXFileReference; fileEncoding = 4; lastKnownFileType = sourcecode.swift; name = UserDefaultsService.swift; path = Sources/Services/UserDefaultsService.swift; sourceTree = "<group>"; };
		9CEA33C81EC0D70A00816DAA /* BaseViewController.swift */ = {isa = PBXFileReference; fileEncoding = 4; lastKnownFileType = sourcecode.swift; name = BaseViewController.swift; path = "Sources/iOS Zero/Views/BaseViewController.swift"; sourceTree = "<group>"; };
		9CEA33CC1EC0D79E00816DAA /* TaskCellReactor.swift */ = {isa = PBXFileReference; fileEncoding = 4; lastKnownFileType = sourcecode.swift; name = TaskCellReactor.swift; path = "Sources/iOS Zero/Reactors/TaskCellReactor.swift"; sourceTree = "<group>"; };
		9CEA33CE1EC0D81800816DAA /* TaskCell.swift */ = {isa = PBXFileReference; fileEncoding = 4; lastKnownFileType = sourcecode.swift; name = TaskCell.swift; path = "Sources/iOS Zero/Views/TaskList/TaskCell.swift"; sourceTree = "<group>"; };
		9CF0F6F71ECBB63900E40437 /* BaseTableViewCell.swift */ = {isa = PBXFileReference; fileEncoding = 4; lastKnownFileType = sourcecode.swift; name = BaseTableViewCell.swift; path = "Sources/iOS Zero/Views/BaseTableViewCell.swift"; sourceTree = "<group>"; };
		AB5EBC81C9FAD8DB7C26785B /* Pods_Zero_ZeroTests.framework */ = {isa = PBXFileReference; explicitFileType = wrapper.framework; includeInIndex = 0; path = Pods_Zero_ZeroTests.framework; sourceTree = BUILT_PRODUCTS_DIR; };
		C0AB463062A49A9C184ED46C /* Pods_Zero.framework */ = {isa = PBXFileReference; explicitFileType = wrapper.framework; includeInIndex = 0; path = Pods_Zero.framework; sourceTree = BUILT_PRODUCTS_DIR; };
		CA1D02119F779935D4847E96 /* Pods-Zero.debug.xcconfig */ = {isa = PBXFileReference; includeInIndex = 1; lastKnownFileType = text.xcconfig; name = "Pods-Zero.debug.xcconfig"; path = "Pods/Target Support Files/Pods-Zero/Pods-Zero.debug.xcconfig"; sourceTree = "<group>"; };
		E80679D75ED9EEDBB3019653 /* Pods-Zero-ZeroTests.debug.xcconfig */ = {isa = PBXFileReference; includeInIndex = 1; lastKnownFileType = text.xcconfig; name = "Pods-Zero-ZeroTests.debug.xcconfig"; path = "Pods/Target Support Files/Pods-Zero-ZeroTests/Pods-Zero-ZeroTests.debug.xcconfig"; sourceTree = "<group>"; };
		FD7AAFC64BA9EEAF3CB14547 /* Pods-Zero-ZeroTests.release.xcconfig */ = {isa = PBXFileReference; includeInIndex = 1; lastKnownFileType = text.xcconfig; name = "Pods-Zero-ZeroTests.release.xcconfig"; path = "Pods/Target Support Files/Pods-Zero-ZeroTests/Pods-Zero-ZeroTests.release.xcconfig"; sourceTree = "<group>"; };
/* End PBXFileReference section */

/* Begin PBXFrameworksBuildPhase section */
		9C81C12B1EEA003A0046883D /* Frameworks */ = {
			isa = PBXFrameworksBuildPhase;
			buildActionMask = 2147483647;
			files = (
				BF4F15F0F957B018E14827A6 /* Pods_Zero_ZeroTests.framework in Frameworks */,
			);
			runOnlyForDeploymentPostprocessing = 0;
		};
		9CEA33881EC0BBDA00816DAA /* Frameworks */ = {
			isa = PBXFrameworksBuildPhase;
			buildActionMask = 2147483647;
			files = (
				A3B31B4484EAF1F321C7314E /* Pods_Zero.framework in Frameworks */,
			);
			runOnlyForDeploymentPostprocessing = 0;
		};
/* End PBXFrameworksBuildPhase section */

/* Begin PBXGroup section */
		0F29026B694806D8E818C478 /* Pods */ = {
			isa = PBXGroup;
			children = (
				CA1D02119F779935D4847E96 /* Pods-Zero.debug.xcconfig */,
				5B3B037FF5F6A769DBD39C32 /* Pods-Zero.release.xcconfig */,
				E80679D75ED9EEDBB3019653 /* Pods-Zero-ZeroTests.debug.xcconfig */,
				FD7AAFC64BA9EEAF3CB14547 /* Pods-Zero-ZeroTests.release.xcconfig */,
			);
			name = Pods;
			sourceTree = "<group>";
		};
		9C1B1E191EEA1A22002D0F93 /* Presentation */ = {
			isa = PBXGroup;
			children = (
				9C1B1E231EEA1C5C002D0F93 /* BackgroundView.swift */,
				9C1B1E251EEA1C5C002D0F93 /* CoverVerticalAnimation.swift */,
				9C1B1E281EEA1C5C002D0F93 /* KeyboardTranslation.swift */,
				9C1B1E291EEA1C5C002D0F93 /* ModalCenterPosition.swift */,
				9C1B1E2A1EEA1C5C002D0F93 /* ModalSize.swift */,
				9C1B1E2B1EEA1C5C002D0F93 /* PresentationType.swift */,
				9C1B1E2C1EEA1C5C002D0F93 /* Presentr.swift */,
				9C1B1E2D1EEA1C5C002D0F93 /* Presentr+Equatable.swift */,
				9C1B1E2E1EEA1C5C002D0F93 /* PresentrAnimation.swift */,
				9C1B1E2F1EEA1C5C002D0F93 /* PresentrController.swift */,
				9C1B1E301EEA1C5C002D0F93 /* PresentrShadow.swift */,
				9C1B1E311EEA1C5C002D0F93 /* TransitionType.swift */,
			);
			name = Presentation;
			sourceTree = "<group>";
		};
		9C81C12F1EEA003A0046883D /* ZeroTests */ = {
			isa = PBXGroup;
			children = (
				9C81C13B1EEA01B00046883D /* Sources */,
				9C81C1301EEA003A0046883D /* ZeroTests.swift */,
				9C81C1321EEA003A0046883D /* Info.plist */,
			);
			path = ZeroTests;
			sourceTree = "<group>";
		};
		9C81C13B1EEA01B00046883D /* Sources */ = {
			isa = PBXGroup;
			children = (
				9C81C13C1EEA01BD0046883D /* Mock */,
				9C81C13D1EEA01C20046883D /* Tests */,
			);
			name = Sources;
			sourceTree = "<group>";
		};
		9C81C13C1EEA01BD0046883D /* Mock */ = {
			isa = PBXGroup;
			children = (
				9C81C13E1EEA01D90046883D /* Services */,
			);
			name = Mock;
			sourceTree = "<group>";
		};
		9C81C13D1EEA01C20046883D /* Tests */ = {
			isa = PBXGroup;
			children = (
				9C81C1491EEA04230046883D /* TaskEditViewReactorTests.swift */,
				9C81C14B1EEA05380046883D /* TaskListViewReactorTests.swift */,
			);
			name = Tests;
			sourceTree = "<group>";
		};
		9C81C13E1EEA01D90046883D /* Services */ = {
			isa = PBXGroup;
			children = (
				9C81C1411EEA02750046883D /* MockUserDefaultsService.swift */,
				9C81C1431EEA02A30046883D /* MockServiceProvider.swift */,
				9C81C1451EEA03910046883D /* MockAlertService.swift */,
				9C81C1471EEA03CB0046883D /* MockError.swift */,
			);
			name = Services;
			sourceTree = "<group>";
		};
		9CEA33821EC0BBDA00816DAA = {
			isa = PBXGroup;
			children = (
				9CEA338D1EC0BBDA00816DAA /* Zero */,
				9C81C12F1EEA003A0046883D /* ZeroTests */,
				9CEA338C1EC0BBDA00816DAA /* Products */,
				0F29026B694806D8E818C478 /* Pods */,
				F8E473225A0F407E3C72CFBB /* Frameworks */,
			);
			sourceTree = "<group>";
		};
		9CEA338C1EC0BBDA00816DAA /* Products */ = {
			isa = PBXGroup;
			children = (
				9CEA338B1EC0BBDA00816DAA /* Zero.app */,
				9C81C12E1EEA003A0046883D /* ZeroTests.xctest */,
			);
			name = Products;
			sourceTree = "<group>";
		};
		9CEA338D1EC0BBDA00816DAA /* Zero */ = {
			isa = PBXGroup;
			children = (
				9CEA33A31EC0C00600816DAA /* Sources */,
				9CEA33A01EC0BBE800816DAA /* Resources */,
				9CEA33A11EC0BBED00816DAA /* Support Files */,
			);
			path = Zero;
			sourceTree = "<group>";
		};
		9CEA33A01EC0BBE800816DAA /* Resources */ = {
			isa = PBXGroup;
			children = (
				9CEA33951EC0BBDA00816DAA /* Assets.xcassets */,
				9CEA33971EC0BBDA00816DAA /* LaunchScreen.storyboard */,
			);
			name = Resources;
			sourceTree = "<group>";
		};
		9CEA33A11EC0BBED00816DAA /* Support Files */ = {
			isa = PBXGroup;
			children = (
				9CEA339A1EC0BBDA00816DAA /* Info.plist */,
			);
			name = "Support Files";
			sourceTree = "<group>";
		};
		9CEA33A31EC0C00600816DAA /* Sources */ = {
			isa = PBXGroup;
			children = (
				9CEA338E1EC0BBDA00816DAA /* AppDelegate.swift */,
				9CEA33BA1EC0C47100816DAA /* Models */,
				9CEA33B21EC0C19900816DAA /* Services */,
				9CEA33B71EC0C24900816DAA /* iOS Zero */,
				9CEA33A91EC0C0A500816DAA /* Utils */,
				9C1B1E191EEA1A22002D0F93 /* Presentation */,
				9CEA33A61EC0C06300816DAA /* Rx */,
			);
			name = Sources;
			sourceTree = "<group>";
		};
		9CEA33A61EC0C06300816DAA /* Rx */ = {
			isa = PBXGroup;
			children = (
				9CEA33A71EC0C07200816DAA /* UIViewController+Rx.swift */,
				9CAC53CC1EE07F030091B690 /* UITableView+Rx.swift */,
			);
			name = Rx;
			sourceTree = "<group>";
		};
		9CEA33A91EC0C0A500816DAA /* Utils */ = {
			isa = PBXGroup;
			children = (
				9CEA33AA1EC0C0C100816DAA /* MutateOperator.swift */,
				9CEA33AC1EC0C0ED00816DAA /* Snap.swift */,
				9CEA33AE1EC0C10F00816DAA /* String+BoundingRect.swift */,
				9CEA33B81EC0C29500816DAA /* Array+SectionModel.swift */,
				9CEA33C11EC0CA5500816DAA /* UserDefaultsKey.swift */,
				9CDCC9A41EC399C100F6DD96 /* Animation.swift */,
				9C3E2D761EC60C6C00EE5276 /* Color.swift */,
				9C15AD7D1EDFDF2F0092373A /* UIFont.swift */,
				9C72EED81EE04C090069ED6C /* DateExtension.swift */,
			);
			name = Utils;
			sourceTree = "<group>";
		};
		9CEA33B21EC0C19900816DAA /* Services */ = {
			isa = PBXGroup;
			children = (
				9CEA33B31EC0C1AA00816DAA /* BaseService.swift */,
				9CEA33B51EC0C1C900816DAA /* ServiceProvider.swift */,
				9CEA33BF1EC0C89500816DAA /* TaskService.swift */,
				9C3E2D781EC6182700EE5276 /* AlertService.swift */,
				9CEA33C31EC0CAA900816DAA /* UserDefaultsService.swift */,
			);
			name = Services;
			sourceTree = "<group>";
		};
		9CEA33B71EC0C24900816DAA /* iOS Zero */ = {
			isa = PBXGroup;
			children = (
				9CEA33CB1EC0D76F00816DAA /* Reactors */,
				9CEA33C51EC0D58F00816DAA /* Views */,
			);
			name = "iOS Zero";
			sourceTree = "<group>";
		};
		9CEA33BA1EC0C47100816DAA /* Models */ = {
			isa = PBXGroup;
			children = (
				9CEA33BB1EC0C48900816DAA /* ModelType.swift */,
				9CEA33BD1EC0C6C100816DAA /* Task.swift */,
			);
			name = Models;
			sourceTree = "<group>";
		};
		9CEA33C51EC0D58F00816DAA /* Views */ = {
			isa = PBXGroup;
			children = (
				9CF0F6F71ECBB63900E40437 /* BaseTableViewCell.swift */,
				9CEA33C81EC0D70A00816DAA /* BaseViewController.swift */,
				9CEA33CA1EC0D72E00816DAA /* Task */,
			);
			name = Views;
			sourceTree = "<group>";
		};
		9CEA33CA1EC0D72E00816DAA /* Task */ = {
			isa = PBXGroup;
			children = (
				9CEA33CE1EC0D81800816DAA /* TaskCell.swift */,
				9CDF098F1EC2283C00A2A25C /* TaskListViewController.swift */,
				9C3E2D7F1EC623F300EE5276 /* TaskEditViewController.swift */,
				9C4835B41ED7926500AE67D7 /* SectionHeaderView.swift */,
				9C2945A01EC9238B00A04CE9 /* MessageInputBar.swift */,
			);
			name = Task;
			sourceTree = "<group>";
		};
		9CEA33CB1EC0D76F00816DAA /* Reactors */ = {
			isa = PBXGroup;
			children = (
				9C395C241ED11EE300DCFB8F /* BaseReactor.swift */,
				9CEA33CC1EC0D79E00816DAA /* TaskCellReactor.swift */,
				9CDF098D1EC21EAB00A2A25C /* TaskListViewReactor.swift */,
				9C3E2D7B1EC61B8000EE5276 /* TaskEditViewReactor.swift */,
			);
			name = Reactors;
			sourceTree = "<group>";
		};
		F8E473225A0F407E3C72CFBB /* Frameworks */ = {
			isa = PBXGroup;
			children = (
				C0AB463062A49A9C184ED46C /* Pods_Zero.framework */,
				AB5EBC81C9FAD8DB7C26785B /* Pods_Zero_ZeroTests.framework */,
			);
			name = Frameworks;
			sourceTree = "<group>";
		};
/* End PBXGroup section */

/* Begin PBXNativeTarget section */
		9C81C12D1EEA003A0046883D /* ZeroTests */ = {
			isa = PBXNativeTarget;
			buildConfigurationList = 9C81C1371EEA003A0046883D /* Build configuration list for PBXNativeTarget "ZeroTests" */;
			buildPhases = (
				ABE9EF066EA8365BDA64757F /* [CP] Check Pods Manifest.lock */,
				9C81C12A1EEA003A0046883D /* Sources */,
				9C81C12B1EEA003A0046883D /* Frameworks */,
				9C81C12C1EEA003A0046883D /* Resources */,
				29D9FDD2670613269C7D47B4 /* [CP] Embed Pods Frameworks */,
				EC0307B2E60C40E6A2E5251A /* [CP] Copy Pods Resources */,
			);
			buildRules = (
			);
			dependencies = (
				9C81C1341EEA003A0046883D /* PBXTargetDependency */,
			);
			name = ZeroTests;
			productName = ZeroTests;
			productReference = 9C81C12E1EEA003A0046883D /* ZeroTests.xctest */;
			productType = "com.apple.product-type.bundle.unit-test";
		};
		9CEA338A1EC0BBDA00816DAA /* Zero */ = {
			isa = PBXNativeTarget;
			buildConfigurationList = 9CEA339D1EC0BBDA00816DAA /* Build configuration list for PBXNativeTarget "Zero" */;
			buildPhases = (
				E43C04F5A646355A841BDEA1 /* [CP] Check Pods Manifest.lock */,
				9CEA33871EC0BBDA00816DAA /* Sources */,
				9CEA33881EC0BBDA00816DAA /* Frameworks */,
				9CEA33891EC0BBDA00816DAA /* Resources */,
				89F09732546E6E3E63A5E47E /* [CP] Embed Pods Frameworks */,
				A54EFDE2A441B62C9ECE7491 /* [CP] Copy Pods Resources */,
				9CEA33A21EC0BE9800816DAA /* SwiftLint */,
			);
			buildRules = (
			);
			dependencies = (
			);
			name = Zero;
			productName = Zero;
			productReference = 9CEA338B1EC0BBDA00816DAA /* Zero.app */;
			productType = "com.apple.product-type.application";
		};
/* End PBXNativeTarget section */

/* Begin PBXProject section */
		9CEA33831EC0BBDA00816DAA /* Project object */ = {
			isa = PBXProject;
			attributes = {
				LastSwiftUpdateCheck = 0830;
				LastUpgradeCheck = 0830;
				ORGANIZATIONNAME = "Jairo Eli de León";
				TargetAttributes = {
					9C81C12D1EEA003A0046883D = {
						CreatedOnToolsVersion = 8.3.3;
						DevelopmentTeam = Y9CEQN88G2;
						ProvisioningStyle = Automatic;
						TestTargetID = 9CEA338A1EC0BBDA00816DAA;
					};
					9CEA338A1EC0BBDA00816DAA = {
						CreatedOnToolsVersion = 8.3.2;
						DevelopmentTeam = Y9CEQN88G2;
						ProvisioningStyle = Automatic;
					};
				};
			};
			buildConfigurationList = 9CEA33861EC0BBDA00816DAA /* Build configuration list for PBXProject "Zero" */;
			compatibilityVersion = "Xcode 3.2";
			developmentRegion = English;
			hasScannedForEncodings = 0;
			knownRegions = (
				en,
				Base,
			);
			mainGroup = 9CEA33821EC0BBDA00816DAA;
			productRefGroup = 9CEA338C1EC0BBDA00816DAA /* Products */;
			projectDirPath = "";
			projectRoot = "";
			targets = (
				9CEA338A1EC0BBDA00816DAA /* Zero */,
				9C81C12D1EEA003A0046883D /* ZeroTests */,
			);
		};
/* End PBXProject section */

/* Begin PBXResourcesBuildPhase section */
		9C81C12C1EEA003A0046883D /* Resources */ = {
			isa = PBXResourcesBuildPhase;
			buildActionMask = 2147483647;
			files = (
			);
			runOnlyForDeploymentPostprocessing = 0;
		};
		9CEA33891EC0BBDA00816DAA /* Resources */ = {
			isa = PBXResourcesBuildPhase;
			buildActionMask = 2147483647;
			files = (
				9CEA33991EC0BBDA00816DAA /* LaunchScreen.storyboard in Resources */,
				9CEA33961EC0BBDA00816DAA /* Assets.xcassets in Resources */,
			);
			runOnlyForDeploymentPostprocessing = 0;
		};
/* End PBXResourcesBuildPhase section */

/* Begin PBXShellScriptBuildPhase section */
		29D9FDD2670613269C7D47B4 /* [CP] Embed Pods Frameworks */ = {
			isa = PBXShellScriptBuildPhase;
			buildActionMask = 2147483647;
			files = (
			);
			inputPaths = (
			);
			name = "[CP] Embed Pods Frameworks";
			outputPaths = (
			);
			runOnlyForDeploymentPostprocessing = 0;
			shellPath = /bin/sh;
			shellScript = "\"${SRCROOT}/Pods/Target Support Files/Pods-Zero-ZeroTests/Pods-Zero-ZeroTests-frameworks.sh\"\n";
			showEnvVarsInLog = 0;
		};
		89F09732546E6E3E63A5E47E /* [CP] Embed Pods Frameworks */ = {
			isa = PBXShellScriptBuildPhase;
			buildActionMask = 2147483647;
			files = (
			);
			inputPaths = (
			);
			name = "[CP] Embed Pods Frameworks";
			outputPaths = (
			);
			runOnlyForDeploymentPostprocessing = 0;
			shellPath = /bin/sh;
			shellScript = "\"${SRCROOT}/Pods/Target Support Files/Pods-Zero/Pods-Zero-frameworks.sh\"\n";
			showEnvVarsInLog = 0;
		};
		9CEA33A21EC0BE9800816DAA /* SwiftLint */ = {
			isa = PBXShellScriptBuildPhase;
			buildActionMask = 2147483647;
			files = (
			);
			inputPaths = (
			);
			name = SwiftLint;
			outputPaths = (
			);
			runOnlyForDeploymentPostprocessing = 0;
			shellPath = /bin/sh;
			shellScript = "if which swiftlint >/dev/null; then\n    swiftlint\nelse\n    echo \"warning: SwiftLint not installed, download from https://github.com/realm/SwiftLint\"\nfi";
		};
		A54EFDE2A441B62C9ECE7491 /* [CP] Copy Pods Resources */ = {
			isa = PBXShellScriptBuildPhase;
			buildActionMask = 2147483647;
			files = (
			);
			inputPaths = (
			);
			name = "[CP] Copy Pods Resources";
			outputPaths = (
			);
			runOnlyForDeploymentPostprocessing = 0;
			shellPath = /bin/sh;
			shellScript = "\"${SRCROOT}/Pods/Target Support Files/Pods-Zero/Pods-Zero-resources.sh\"\n";
			showEnvVarsInLog = 0;
		};
		ABE9EF066EA8365BDA64757F /* [CP] Check Pods Manifest.lock */ = {
			isa = PBXShellScriptBuildPhase;
			buildActionMask = 2147483647;
			files = (
			);
			inputPaths = (
			);
			name = "[CP] Check Pods Manifest.lock";
			outputPaths = (
			);
			runOnlyForDeploymentPostprocessing = 0;
			shellPath = /bin/sh;
			shellScript = "diff \"${PODS_PODFILE_DIR_PATH}/Podfile.lock\" \"${PODS_ROOT}/Manifest.lock\" > /dev/null\nif [ $? != 0 ] ; then\n    # print error to STDERR\n    echo \"error: The sandbox is not in sync with the Podfile.lock. Run 'pod install' or update your CocoaPods installation.\" >&2\n    exit 1\nfi\n";
			showEnvVarsInLog = 0;
		};
		E43C04F5A646355A841BDEA1 /* [CP] Check Pods Manifest.lock */ = {
			isa = PBXShellScriptBuildPhase;
			buildActionMask = 2147483647;
			files = (
			);
			inputPaths = (
			);
			name = "[CP] Check Pods Manifest.lock";
			outputPaths = (
			);
			runOnlyForDeploymentPostprocessing = 0;
			shellPath = /bin/sh;
			shellScript = "diff \"${PODS_PODFILE_DIR_PATH}/Podfile.lock\" \"${PODS_ROOT}/Manifest.lock\" > /dev/null\nif [ $? != 0 ] ; then\n    # print error to STDERR\n    echo \"error: The sandbox is not in sync with the Podfile.lock. Run 'pod install' or update your CocoaPods installation.\" >&2\n    exit 1\nfi\n";
			showEnvVarsInLog = 0;
		};
		EC0307B2E60C40E6A2E5251A /* [CP] Copy Pods Resources */ = {
			isa = PBXShellScriptBuildPhase;
			buildActionMask = 2147483647;
			files = (
			);
			inputPaths = (
			);
			name = "[CP] Copy Pods Resources";
			outputPaths = (
			);
			runOnlyForDeploymentPostprocessing = 0;
			shellPath = /bin/sh;
			shellScript = "\"${SRCROOT}/Pods/Target Support Files/Pods-Zero-ZeroTests/Pods-Zero-ZeroTests-resources.sh\"\n";
			showEnvVarsInLog = 0;
		};
/* End PBXShellScriptBuildPhase section */

/* Begin PBXSourcesBuildPhase section */
		9C81C12A1EEA003A0046883D /* Sources */ = {
			isa = PBXSourcesBuildPhase;
			buildActionMask = 2147483647;
			files = (
				9C81C14A1EEA04230046883D /* TaskEditViewReactorTests.swift in Sources */,
				9C81C1461EEA03910046883D /* MockAlertService.swift in Sources */,
				9C81C14C1EEA05380046883D /* TaskListViewReactorTests.swift in Sources */,
				9C81C1481EEA03CB0046883D /* MockError.swift in Sources */,
				9C81C1441EEA02A30046883D /* MockServiceProvider.swift in Sources */,
				9C81C1421EEA02750046883D /* MockUserDefaultsService.swift in Sources */,
				9C81C1311EEA003A0046883D /* ZeroTests.swift in Sources */,
			);
			runOnlyForDeploymentPostprocessing = 0;
		};
		9CEA33871EC0BBDA00816DAA /* Sources */ = {
			isa = PBXSourcesBuildPhase;
			buildActionMask = 2147483647;
			files = (
				9CEA33B41EC0C1AA00816DAA /* BaseService.swift in Sources */,
				9CEA33CD1EC0D79E00816DAA /* TaskCellReactor.swift in Sources */,
				9C1B1E401EEA1C5C002D0F93 /* PresentrShadow.swift in Sources */,
				9C3E2D771EC60C6C00EE5276 /* Color.swift in Sources */,
				9CAC53CD1EE07F030091B690 /* UITableView+Rx.swift in Sources */,
				9CEA33CF1EC0D81800816DAA /* TaskCell.swift in Sources */,
				9C1B1E3E1EEA1C5C002D0F93 /* PresentrAnimation.swift in Sources */,
				9C72EED91EE04C090069ED6C /* DateExtension.swift in Sources */,
				9CF0F6F81ECBB63900E40437 /* BaseTableViewCell.swift in Sources */,
				9C2945A11EC9238B00A04CE9 /* MessageInputBar.swift in Sources */,
				9C1B1E3C1EEA1C5C002D0F93 /* Presentr.swift in Sources */,
				9CDCC9A51EC399C100F6DD96 /* Animation.swift in Sources */,
				9CEA33AD1EC0C0ED00816DAA /* Snap.swift in Sources */,
				9C15AD7E1EDFDF2F0092373A /* UIFont.swift in Sources */,
				9CEA33B61EC0C1C900816DAA /* ServiceProvider.swift in Sources */,
				9CDF098E1EC21EAB00A2A25C /* TaskListViewReactor.swift in Sources */,
				9CEA33BE1EC0C6C100816DAA /* Task.swift in Sources */,
				9CEA33C01EC0C89500816DAA /* TaskService.swift in Sources */,
				9C1B1E331EEA1C5C002D0F93 /* BackgroundView.swift in Sources */,
				9CEA33C91EC0D70A00816DAA /* BaseViewController.swift in Sources */,
				9C1B1E3A1EEA1C5C002D0F93 /* ModalSize.swift in Sources */,
				9C1B1E3B1EEA1C5C002D0F93 /* PresentationType.swift in Sources */,
				9C4835B51ED7926500AE67D7 /* SectionHeaderView.swift in Sources */,
				9C1B1E391EEA1C5C002D0F93 /* ModalCenterPosition.swift in Sources */,
				9C1B1E381EEA1C5C002D0F93 /* KeyboardTranslation.swift in Sources */,
				9CEA33A81EC0C07200816DAA /* UIViewController+Rx.swift in Sources */,
				9CEA33BC1EC0C48900816DAA /* ModelType.swift in Sources */,
				9C1B1E411EEA1C5C002D0F93 /* TransitionType.swift in Sources */,
				9CDF09901EC2283C00A2A25C /* TaskListViewController.swift in Sources */,
				9C3E2D7C1EC61B8000EE5276 /* TaskEditViewReactor.swift in Sources */,
				9CEA338F1EC0BBDA00816DAA /* AppDelegate.swift in Sources */,
				9CEA33C21EC0CA5500816DAA /* UserDefaultsKey.swift in Sources */,
				9C1B1E351EEA1C5C002D0F93 /* CoverVerticalAnimation.swift in Sources */,
				9CEA33AF1EC0C10F00816DAA /* String+BoundingRect.swift in Sources */,
				9C1B1E3D1EEA1C5C002D0F93 /* Presentr+Equatable.swift in Sources */,
				9CEA33C41EC0CAA900816DAA /* UserDefaultsService.swift in Sources */,
				9CEA33AB1EC0C0C100816DAA /* MutateOperator.swift in Sources */,
				9C1B1E3F1EEA1C5C002D0F93 /* PresentrController.swift in Sources */,
				9C3E2D801EC623F300EE5276 /* TaskEditViewController.swift in Sources */,
				9C3E2D791EC6182700EE5276 /* AlertService.swift in Sources */,
				9CEA33B91EC0C29500816DAA /* Array+SectionModel.swift in Sources */,
				9C395C251ED11EE300DCFB8F /* BaseReactor.swift in Sources */,
			);
			runOnlyForDeploymentPostprocessing = 0;
		};
/* End PBXSourcesBuildPhase section */

/* Begin PBXTargetDependency section */
		9C81C1341EEA003A0046883D /* PBXTargetDependency */ = {
			isa = PBXTargetDependency;
			target = 9CEA338A1EC0BBDA00816DAA /* Zero */;
			targetProxy = 9C81C1331EEA003A0046883D /* PBXContainerItemProxy */;
		};
/* End PBXTargetDependency section */

/* Begin PBXVariantGroup section */
		9CEA33971EC0BBDA00816DAA /* LaunchScreen.storyboard */ = {
			isa = PBXVariantGroup;
			children = (
				9CEA33981EC0BBDA00816DAA /* Base */,
			);
			name = LaunchScreen.storyboard;
			path = Resources;
			sourceTree = "<group>";
		};
/* End PBXVariantGroup section */

/* Begin XCBuildConfiguration section */
		9C81C1351EEA003A0046883D /* Debug */ = {
			isa = XCBuildConfiguration;
			baseConfigurationReference = E80679D75ED9EEDBB3019653 /* Pods-Zero-ZeroTests.debug.xcconfig */;
			buildSettings = {
				BUNDLE_LOADER = "$(TEST_HOST)";
				DEVELOPMENT_TEAM = Y9CEQN88G2;
				INFOPLIST_FILE = ZeroTests/Info.plist;
				LD_RUNPATH_SEARCH_PATHS = "$(inherited) @executable_path/Frameworks @loader_path/Frameworks";
				PRODUCT_BUNDLE_IDENTIFIER = com.jairoeli.ZeroTests;
				PRODUCT_NAME = "$(TARGET_NAME)";
				SWIFT_VERSION = 3.0;
				TEST_HOST = "$(BUILT_PRODUCTS_DIR)/Zero.app/Zero";
			};
			name = Debug;
		};
		9C81C1361EEA003A0046883D /* Release */ = {
			isa = XCBuildConfiguration;
			baseConfigurationReference = FD7AAFC64BA9EEAF3CB14547 /* Pods-Zero-ZeroTests.release.xcconfig */;
			buildSettings = {
				BUNDLE_LOADER = "$(TEST_HOST)";
				DEVELOPMENT_TEAM = Y9CEQN88G2;
				INFOPLIST_FILE = ZeroTests/Info.plist;
				LD_RUNPATH_SEARCH_PATHS = "$(inherited) @executable_path/Frameworks @loader_path/Frameworks";
				PRODUCT_BUNDLE_IDENTIFIER = com.jairoeli.ZeroTests;
				PRODUCT_NAME = "$(TARGET_NAME)";
				SWIFT_VERSION = 3.0;
				TEST_HOST = "$(BUILT_PRODUCTS_DIR)/Zero.app/Zero";
			};
			name = Release;
		};
		9CEA339B1EC0BBDA00816DAA /* Debug */ = {
			isa = XCBuildConfiguration;
			buildSettings = {
				ALWAYS_SEARCH_USER_PATHS = NO;
				CLANG_ANALYZER_NONNULL = YES;
				CLANG_ANALYZER_NUMBER_OBJECT_CONVERSION = YES_AGGRESSIVE;
				CLANG_CXX_LANGUAGE_STANDARD = "gnu++0x";
				CLANG_CXX_LIBRARY = "libc++";
				CLANG_ENABLE_MODULES = YES;
				CLANG_ENABLE_OBJC_ARC = YES;
				CLANG_WARN_BOOL_CONVERSION = YES;
				CLANG_WARN_CONSTANT_CONVERSION = YES;
				CLANG_WARN_DIRECT_OBJC_ISA_USAGE = YES_ERROR;
				CLANG_WARN_DOCUMENTATION_COMMENTS = YES;
				CLANG_WARN_EMPTY_BODY = YES;
				CLANG_WARN_ENUM_CONVERSION = YES;
				CLANG_WARN_INFINITE_RECURSION = YES;
				CLANG_WARN_INT_CONVERSION = YES;
				CLANG_WARN_OBJC_ROOT_CLASS = YES_ERROR;
				CLANG_WARN_SUSPICIOUS_MOVE = YES;
				CLANG_WARN_UNREACHABLE_CODE = YES;
				CLANG_WARN__DUPLICATE_METHOD_MATCH = YES;
				"CODE_SIGN_IDENTITY[sdk=iphoneos*]" = "iPhone Developer";
				COPY_PHASE_STRIP = NO;
				DEBUG_INFORMATION_FORMAT = dwarf;
				ENABLE_STRICT_OBJC_MSGSEND = YES;
				ENABLE_TESTABILITY = YES;
				GCC_C_LANGUAGE_STANDARD = gnu99;
				GCC_DYNAMIC_NO_PIC = NO;
				GCC_NO_COMMON_BLOCKS = YES;
				GCC_OPTIMIZATION_LEVEL = 0;
				GCC_PREPROCESSOR_DEFINITIONS = (
					"DEBUG=1",
					"$(inherited)",
				);
				GCC_WARN_64_TO_32_BIT_CONVERSION = YES;
				GCC_WARN_ABOUT_RETURN_TYPE = YES_ERROR;
				GCC_WARN_UNDECLARED_SELECTOR = YES;
				GCC_WARN_UNINITIALIZED_AUTOS = YES_AGGRESSIVE;
				GCC_WARN_UNUSED_FUNCTION = YES;
				GCC_WARN_UNUSED_VARIABLE = YES;
				IPHONEOS_DEPLOYMENT_TARGET = 10.3;
				MTL_ENABLE_DEBUG_INFO = YES;
				ONLY_ACTIVE_ARCH = YES;
				SDKROOT = iphoneos;
				SWIFT_ACTIVE_COMPILATION_CONDITIONS = DEBUG;
				SWIFT_OPTIMIZATION_LEVEL = "-Onone";
			};
			name = Debug;
		};
		9CEA339C1EC0BBDA00816DAA /* Release */ = {
			isa = XCBuildConfiguration;
			buildSettings = {
				ALWAYS_SEARCH_USER_PATHS = NO;
				CLANG_ANALYZER_NONNULL = YES;
				CLANG_ANALYZER_NUMBER_OBJECT_CONVERSION = YES_AGGRESSIVE;
				CLANG_CXX_LANGUAGE_STANDARD = "gnu++0x";
				CLANG_CXX_LIBRARY = "libc++";
				CLANG_ENABLE_MODULES = YES;
				CLANG_ENABLE_OBJC_ARC = YES;
				CLANG_WARN_BOOL_CONVERSION = YES;
				CLANG_WARN_CONSTANT_CONVERSION = YES;
				CLANG_WARN_DIRECT_OBJC_ISA_USAGE = YES_ERROR;
				CLANG_WARN_DOCUMENTATION_COMMENTS = YES;
				CLANG_WARN_EMPTY_BODY = YES;
				CLANG_WARN_ENUM_CONVERSION = YES;
				CLANG_WARN_INFINITE_RECURSION = YES;
				CLANG_WARN_INT_CONVERSION = YES;
				CLANG_WARN_OBJC_ROOT_CLASS = YES_ERROR;
				CLANG_WARN_SUSPICIOUS_MOVE = YES;
				CLANG_WARN_UNREACHABLE_CODE = YES;
				CLANG_WARN__DUPLICATE_METHOD_MATCH = YES;
				"CODE_SIGN_IDENTITY[sdk=iphoneos*]" = "iPhone Developer";
				COPY_PHASE_STRIP = NO;
				DEBUG_INFORMATION_FORMAT = "dwarf-with-dsym";
				ENABLE_NS_ASSERTIONS = NO;
				ENABLE_STRICT_OBJC_MSGSEND = YES;
				GCC_C_LANGUAGE_STANDARD = gnu99;
				GCC_NO_COMMON_BLOCKS = YES;
				GCC_WARN_64_TO_32_BIT_CONVERSION = YES;
				GCC_WARN_ABOUT_RETURN_TYPE = YES_ERROR;
				GCC_WARN_UNDECLARED_SELECTOR = YES;
				GCC_WARN_UNINITIALIZED_AUTOS = YES_AGGRESSIVE;
				GCC_WARN_UNUSED_FUNCTION = YES;
				GCC_WARN_UNUSED_VARIABLE = YES;
				IPHONEOS_DEPLOYMENT_TARGET = 10.3;
				MTL_ENABLE_DEBUG_INFO = NO;
				SDKROOT = iphoneos;
				SWIFT_OPTIMIZATION_LEVEL = "-Owholemodule";
				VALIDATE_PRODUCT = YES;
			};
			name = Release;
		};
		9CEA339E1EC0BBDA00816DAA /* Debug */ = {
			isa = XCBuildConfiguration;
			baseConfigurationReference = CA1D02119F779935D4847E96 /* Pods-Zero.debug.xcconfig */;
			buildSettings = {
				ASSETCATALOG_COMPILER_APPICON_NAME = AppIcon;
				DEVELOPMENT_TEAM = Y9CEQN88G2;
				INFOPLIST_FILE = "$(SRCROOT)/Zero/Support Files/Info.plist";
				LD_RUNPATH_SEARCH_PATHS = "$(inherited) @executable_path/Frameworks";
				PRODUCT_BUNDLE_IDENTIFIER = com.jairoeli.Zero;
				PRODUCT_NAME = "$(TARGET_NAME)";
				SWIFT_VERSION = 3.0;
			};
			name = Debug;
		};
		9CEA339F1EC0BBDA00816DAA /* Release */ = {
			isa = XCBuildConfiguration;
			baseConfigurationReference = 5B3B037FF5F6A769DBD39C32 /* Pods-Zero.release.xcconfig */;
			buildSettings = {
				ASSETCATALOG_COMPILER_APPICON_NAME = AppIcon;
				DEVELOPMENT_TEAM = Y9CEQN88G2;
				INFOPLIST_FILE = "$(SRCROOT)/Zero/Support Files/Info.plist";
				LD_RUNPATH_SEARCH_PATHS = "$(inherited) @executable_path/Frameworks";
				PRODUCT_BUNDLE_IDENTIFIER = com.jairoeli.Zero;
				PRODUCT_NAME = "$(TARGET_NAME)";
				SWIFT_VERSION = 3.0;
			};
			name = Release;
		};
/* End XCBuildConfiguration section */

/* Begin XCConfigurationList section */
		9C81C1371EEA003A0046883D /* Build configuration list for PBXNativeTarget "ZeroTests" */ = {
			isa = XCConfigurationList;
			buildConfigurations = (
				9C81C1351EEA003A0046883D /* Debug */,
				9C81C1361EEA003A0046883D /* Release */,
			);
			defaultConfigurationIsVisible = 0;
			defaultConfigurationName = Release;
		};
		9CEA33861EC0BBDA00816DAA /* Build configuration list for PBXProject "Zero" */ = {
			isa = XCConfigurationList;
			buildConfigurations = (
				9CEA339B1EC0BBDA00816DAA /* Debug */,
				9CEA339C1EC0BBDA00816DAA /* Release */,
			);
			defaultConfigurationIsVisible = 0;
			defaultConfigurationName = Release;
		};
		9CEA339D1EC0BBDA00816DAA /* Build configuration list for PBXNativeTarget "Zero" */ = {
			isa = XCConfigurationList;
			buildConfigurations = (
				9CEA339E1EC0BBDA00816DAA /* Debug */,
				9CEA339F1EC0BBDA00816DAA /* Release */,
			);
			defaultConfigurationIsVisible = 0;
			defaultConfigurationName = Release;
		};
/* End XCConfigurationList section */
	};
	rootObject = 9CEA33831EC0BBDA00816DAA /* Project object */;
}
