PODS:
  - ManualLayout (1.3.0)
  - Presentr (1.2.3)
  - ReactorKit (0.4.3):
    - RxSwift (>= 3.0.0)
  - ReusableKit (1.1.0)
  - RxCocoa (3.4.1):
    - RxSwift (~> 3.4)
  - RxDataSources (1.0.3):
    - RxCocoa (~> 3.0)
    - RxSwift (~> 3.0)
  - RxOptional (3.1.3):
    - RxCocoa
    - RxSwift
  - RxReusable (0.3.1):
    - RxCocoa (>= 3.0)
    - RxSwift (>= 3.0)
  - RxSwift (3.4.1)
  - SnapKit (3.2.0)
  - URLNavigator (1.2.0)

DEPENDENCIES:
  - ManualLayout
  - Presentr
  - ReactorKit
  - ReusableKit
  - RxCocoa
  - RxDataSources
  - RxOptional
  - RxReusable
  - RxSwift
  - SnapKit
  - URLNavigator

SPEC CHECKSUMS:
  ManualLayout: 68ac8cfa6b5f656f7a9fadec3730208b95986880
  Presentr: a21c7bbb3532c8ff60320e235c0a4869e72f8885
  ReactorKit: d14097db56d7f473fb0544f671d1bfbecbaec1aa
  ReusableKit: 89e743a120bab0d95848bff27e481833c2768905
  RxCocoa: a8a5f1d061d0043e28f56976829f31ce63e8eb09
  RxDataSources: a021a0e944ba5f7991259829d973afdbfa719c0b
  RxOptional: b97b59183af80d1e729ac9e51d09a10be668d6a8
  RxReusable: c18e8e3b5f12a3292b76cc552dd946500f8d2c32
  RxSwift: 656f8fbeca5bc372121a72d9ebdd3cd3bc0ffade
  SnapKit: 1ca44df72cfa543218d177cb8aab029d10d86ea7
  URLNavigator: 3ff788c985a0aae654e7de4959c4b0ea8a45f022

PODFILE CHECKSUM: e56dd1bbffcbb92e0afdb12275b29fb560999602

COCOAPODS: 1.2.1
