PODS:
  - ManualLayout (1.3.0)
  - Presentr (1.2.3)
  - ReactorKit (0.4.5):
    - RxSwift (>= 3.0.0)
  - ReusableKit (1.1.0)
  - RxCocoa (3.5.0):
    - RxSwift (~> 3.4)
  - RxDataSources (1.0.3):
    - RxCocoa (~> 3.0)
    - RxSwift (~> 3.0)
  - RxOptional (3.1.3):
    - RxCocoa
    - RxSwift
  - RxReusable (0.3.1):
    - RxCocoa (>= 3.0)
    - RxSwift (>= 3.0)
  - RxSwift (3.5.0)
  - SnapKit (3.2.0)
  - SwiftyImage (1.1.0)
  - URLNavigator (1.2.0)

DEPENDENCIES:
  - ManualLayout
  - Presentr
  - ReactorKit
  - ReusableKit
  - RxCocoa
  - RxDataSources
  - RxOptional
  - RxReusable
  - RxSwift
  - SnapKit
  - SwiftyImage
  - URLNavigator

SPEC CHECKSUMS:
  ManualLayout: 68ac8cfa6b5f656f7a9fadec3730208b95986880
  Presentr: a21c7bbb3532c8ff60320e235c0a4869e72f8885
  ReactorKit: 545c457c350da37ba922350692390c78e7062216
  ReusableKit: 89e743a120bab0d95848bff27e481833c2768905
  RxCocoa: a0a09f45d0e5b48ecb6a4a7b4b4c89c88d3f633f
  RxDataSources: a021a0e944ba5f7991259829d973afdbfa719c0b
  RxOptional: b97b59183af80d1e729ac9e51d09a10be668d6a8
  RxReusable: c18e8e3b5f12a3292b76cc552dd946500f8d2c32
  RxSwift: 18ee9d78b45edb3b0b7e79916b47a116e6dbc842
  SnapKit: 1ca44df72cfa543218d177cb8aab029d10d86ea7
  SwiftyImage: 4d3feb0211beb7217b39ac553e3ee64ceb72d611
  URLNavigator: 3ff788c985a0aae654e7de4959c4b0ea8a45f022

PODFILE CHECKSUM: 65e361bd77eb8a7c66957ea453a5b5a0a0762890

COCOAPODS: 1.2.1
